
Microsoft Visual Studio Solution File, Format Version 12.00
# Visual Studio Version 17
VisualStudioVersion = 17.1.32421.90
MinimumVisualStudioVersion = 10.0.40219.1
Project("{FAE04EC0-301F-11D3-BF4B-00C04F79EFBC}") = "calificacionesAlumnos", "calificacionesAlumnos\calificacionesAlumnos.csproj", "{F620C0B3-4D74-4196-8D6F-07F3CDC88C86}"
EndProject
Global
	GlobalSection(SolutionConfigurationPlatforms) = preSolution
		Debug|Any CPU = Debug|Any CPU
		Release|Any CPU = Release|Any CPU
	EndGlobalSection
	GlobalSection(ProjectConfigurationPlatforms) = postSolution
		{F620C0B3-4D74-4196-8D6F-07F3CDC88C86}.Debug|Any CPU.ActiveCfg = Debug|Any CPU
		{F620C0B3-4D74-4196-8D6F-07F3CDC88C86}.Debug|Any CPU.Build.0 = Debug|Any CPU
		{F620C0B3-4D74-4196-8D6F-07F3CDC88C86}.Release|Any CPU.ActiveCfg = Release|Any CPU
		{F620C0B3-4D74-4196-8D6F-07F3CDC88C86}.Release|Any CPU.Build.0 = Release|Any CPU
	EndGlobalSection
	GlobalSection(SolutionProperties) = preSolution
		HideSolutionNode = FALSE
	EndGlobalSection
	GlobalSection(ExtensibilityGlobals) = postSolution
		SolutionGuid = {4A6A38B2-DEFF-4C9B-B38B-DE34DB87F3DE}
	EndGlobalSection
EndGlobal
